
Microsoft Visual Studio Solution File, Format Version 12.00
# Visual Studio 15
VisualStudioVersion = 15.0.26228.4
MinimumVisualStudioVersion = 10.0.40219.1
Project("{9A19103F-16F7-4668-BE54-9A1E7A4F7556}") = "MeetupWeather.Web", "src\MeetupWeather.Web\MeetupWeather.Web.csproj", "{9040CDF3-4354-4157-BF67-30F5C7C7C147}"
EndProject
Project("{FAE04EC0-301F-11D3-BF4B-00C04F79EFBC}") = "MeetupWeather.Service", "src\MeetupWeather.Service\MeetupWeather.Service.csproj", "{DB61FE46-99C3-4D35-81B1-3E40F91FF26E}"
EndProject
Project("{FAE04EC0-301F-11D3-BF4B-00C04F79EFBC}") = "MeetupWeather.Model", "src\MeetupWeather.Model\MeetupWeather.Model.csproj", "{40260DCD-A6E9-4D85-91C2-A4D589947846}"
EndProject
Project("{2150E333-8FDC-42A3-9474-1A3956D46DE8}") = "Solution Items", "Solution Items", "{407679AF-A5B6-45CC-8006-F3D6E4AE4749}"
	ProjectSection(SolutionItems) = preProject
		.gitignore = .gitignore
		README.md = README.md
		deploy\serverless.template = deploy\serverless.template
	EndProjectSection
EndProject
Global
	GlobalSection(SolutionConfigurationPlatforms) = preSolution
		Debug|Any CPU = Debug|Any CPU
		Release|Any CPU = Release|Any CPU
	EndGlobalSection
	GlobalSection(ProjectConfigurationPlatforms) = postSolution
		{9040CDF3-4354-4157-BF67-30F5C7C7C147}.Debug|Any CPU.ActiveCfg = Debug|Any CPU
		{9040CDF3-4354-4157-BF67-30F5C7C7C147}.Debug|Any CPU.Build.0 = Debug|Any CPU
		{9040CDF3-4354-4157-BF67-30F5C7C7C147}.Release|Any CPU.ActiveCfg = Release|Any CPU
		{9040CDF3-4354-4157-BF67-30F5C7C7C147}.Release|Any CPU.Build.0 = Release|Any CPU
		{DB61FE46-99C3-4D35-81B1-3E40F91FF26E}.Debug|Any CPU.ActiveCfg = Debug|Any CPU
		{DB61FE46-99C3-4D35-81B1-3E40F91FF26E}.Debug|Any CPU.Build.0 = Debug|Any CPU
		{DB61FE46-99C3-4D35-81B1-3E40F91FF26E}.Release|Any CPU.ActiveCfg = Release|Any CPU
		{DB61FE46-99C3-4D35-81B1-3E40F91FF26E}.Release|Any CPU.Build.0 = Release|Any CPU
		{40260DCD-A6E9-4D85-91C2-A4D589947846}.Debug|Any CPU.ActiveCfg = Debug|Any CPU
		{40260DCD-A6E9-4D85-91C2-A4D589947846}.Debug|Any CPU.Build.0 = Debug|Any CPU
		{40260DCD-A6E9-4D85-91C2-A4D589947846}.Release|Any CPU.ActiveCfg = Release|Any CPU
		{40260DCD-A6E9-4D85-91C2-A4D589947846}.Release|Any CPU.Build.0 = Release|Any CPU
	EndGlobalSection
	GlobalSection(SolutionProperties) = preSolution
		HideSolutionNode = FALSE
	EndGlobalSection
EndGlobal
